// !$*UTF8*$!
{
	archiveVersion = 1;
	classes = {
	};
	objectVersion = 50;
	objects = {

/* Begin PBXBuildFile section */
		281FECB62289689300041C33 /* AppDelegate.swift in Sources */ = {isa = PBXBuildFile; fileRef = 281FECB52289689300041C33 /* AppDelegate.swift */; };
		281FECBD2289689600041C33 /* Assets.xcassets in Resources */ = {isa = PBXBuildFile; fileRef = 281FECBC2289689600041C33 /* Assets.xcassets */; };
		281FECC02289689600041C33 /* LaunchScreen.storyboard in Resources */ = {isa = PBXBuildFile; fileRef = 281FECBE2289689600041C33 /* LaunchScreen.storyboard */; };
		281FECCB2289689600041C33 /* TabBarIntoSplitViewSampleTests.swift in Sources */ = {isa = PBXBuildFile; fileRef = 281FECCA2289689600041C33 /* TabBarIntoSplitViewSampleTests.swift */; };
		281FECD6228968D100041C33 /* ApplicationTabBarController.swift in Sources */ = {isa = PBXBuildFile; fileRef = 281FECD5228968D100041C33 /* ApplicationTabBarController.swift */; };
		281FECD8228968E100041C33 /* RootSplitViewController.swift in Sources */ = {isa = PBXBuildFile; fileRef = 281FECD7228968E100041C33 /* RootSplitViewController.swift */; };
		281FECE2228969B400041C33 /* ApplicationCoodinator.swift in Sources */ = {isa = PBXBuildFile; fileRef = 281FECE1228969B400041C33 /* ApplicationCoodinator.swift */; };
		281FECE42289704200041C33 /* MasterNavigationCoodinator.swift in Sources */ = {isa = PBXBuildFile; fileRef = 281FECE32289704200041C33 /* MasterNavigationCoodinator.swift */; };
		281FECE62289705D00041C33 /* DetailNavigationCoodinator.swift in Sources */ = {isa = PBXBuildFile; fileRef = 281FECE52289705D00041C33 /* DetailNavigationCoodinator.swift */; };
		281FECE82289724300041C33 /* FirstListViewController.swift in Sources */ = {isa = PBXBuildFile; fileRef = 281FECE72289724300041C33 /* FirstListViewController.swift */; };
		281FECEA2289725200041C33 /* ContentViewController.swift in Sources */ = {isa = PBXBuildFile; fileRef = 281FECE92289725200041C33 /* ContentViewController.swift */; };
		281FECEC228A4A4300041C33 /* FirstViewModel.swift in Sources */ = {isa = PBXBuildFile; fileRef = 281FECEB228A4A4300041C33 /* FirstViewModel.swift */; };
		281FECEE228A4A5700041C33 /* SecondViewModel.swift in Sources */ = {isa = PBXBuildFile; fileRef = 281FECED228A4A5700041C33 /* SecondViewModel.swift */; };
		281FECF0228A85FF00041C33 /* SecondListViewController.swift in Sources */ = {isa = PBXBuildFile; fileRef = 281FECEF228A85FF00041C33 /* SecondListViewController.swift */; };
		281FECF2228A8A0900041C33 /* NestedViewController.swift in Sources */ = {isa = PBXBuildFile; fileRef = 281FECF1228A8A0900041C33 /* NestedViewController.swift */; };
/* End PBXBuildFile section */

/* Begin PBXContainerItemProxy section */
		281FECC72289689600041C33 /* PBXContainerItemProxy */ = {
			isa = PBXContainerItemProxy;
			containerPortal = 281FECAA2289689300041C33 /* Project object */;
			proxyType = 1;
			remoteGlobalIDString = 281FECB12289689300041C33;
			remoteInfo = TabBarIntoSplitViewSample;
		};
/* End PBXContainerItemProxy section */

/* Begin PBXFileReference section */
		281FECB22289689300041C33 /* TabBarIntoSplitViewSample.app */ = {isa = PBXFileReference; explicitFileType = wrapper.application; includeInIndex = 0; path = TabBarIntoSplitViewSample.app; sourceTree = BUILT_PRODUCTS_DIR; };
		281FECB52289689300041C33 /* AppDelegate.swift */ = {isa = PBXFileReference; lastKnownFileType = sourcecode.swift; path = AppDelegate.swift; sourceTree = "<group>"; };
		281FECBC2289689600041C33 /* Assets.xcassets */ = {isa = PBXFileReference; lastKnownFileType = folder.assetcatalog; path = Assets.xcassets; sourceTree = "<group>"; };
		281FECBF2289689600041C33 /* Base */ = {isa = PBXFileReference; lastKnownFileType = file.storyboard; name = Base; path = Base.lproj/LaunchScreen.storyboard; sourceTree = "<group>"; };
		281FECC12289689600041C33 /* Info.plist */ = {isa = PBXFileReference; lastKnownFileType = text.plist.xml; path = Info.plist; sourceTree = "<group>"; };
		281FECC62289689600041C33 /* TabBarIntoSplitViewSampleTests.xctest */ = {isa = PBXFileReference; explicitFileType = wrapper.cfbundle; includeInIndex = 0; path = TabBarIntoSplitViewSampleTests.xctest; sourceTree = BUILT_PRODUCTS_DIR; };
		281FECCA2289689600041C33 /* TabBarIntoSplitViewSampleTests.swift */ = {isa = PBXFileReference; lastKnownFileType = sourcecode.swift; path = TabBarIntoSplitViewSampleTests.swift; sourceTree = "<group>"; };
		281FECCC2289689600041C33 /* Info.plist */ = {isa = PBXFileReference; lastKnownFileType = text.plist.xml; path = Info.plist; sourceTree = "<group>"; };
		281FECD5228968D100041C33 /* ApplicationTabBarController.swift */ = {isa = PBXFileReference; lastKnownFileType = sourcecode.swift; path = ApplicationTabBarController.swift; sourceTree = "<group>"; };
		281FECD7228968E100041C33 /* RootSplitViewController.swift */ = {isa = PBXFileReference; lastKnownFileType = sourcecode.swift; path = RootSplitViewController.swift; sourceTree = "<group>"; };
		281FECE1228969B400041C33 /* ApplicationCoodinator.swift */ = {isa = PBXFileReference; lastKnownFileType = sourcecode.swift; path = ApplicationCoodinator.swift; sourceTree = "<group>"; };
		281FECE32289704200041C33 /* MasterNavigationCoodinator.swift */ = {isa = PBXFileReference; lastKnownFileType = sourcecode.swift; path = MasterNavigationCoodinator.swift; sourceTree = "<group>"; };
		281FECE52289705D00041C33 /* DetailNavigationCoodinator.swift */ = {isa = PBXFileReference; lastKnownFileType = sourcecode.swift; path = DetailNavigationCoodinator.swift; sourceTree = "<group>"; };
		281FECE72289724300041C33 /* FirstListViewController.swift */ = {isa = PBXFileReference; lastKnownFileType = sourcecode.swift; path = FirstListViewController.swift; sourceTree = "<group>"; };
		281FECE92289725200041C33 /* ContentViewController.swift */ = {isa = PBXFileReference; lastKnownFileType = sourcecode.swift; path = ContentViewController.swift; sourceTree = "<group>"; };
		281FECEB228A4A4300041C33 /* FirstViewModel.swift */ = {isa = PBXFileReference; lastKnownFileType = sourcecode.swift; path = FirstViewModel.swift; sourceTree = "<group>"; };
		281FECED228A4A5700041C33 /* SecondViewModel.swift */ = {isa = PBXFileReference; lastKnownFileType = sourcecode.swift; path = SecondViewModel.swift; sourceTree = "<group>"; };
		281FECEF228A85FF00041C33 /* SecondListViewController.swift */ = {isa = PBXFileReference; lastKnownFileType = sourcecode.swift; path = SecondListViewController.swift; sourceTree = "<group>"; };
		281FECF1228A8A0900041C33 /* NestedViewController.swift */ = {isa = PBXFileReference; lastKnownFileType = sourcecode.swift; path = NestedViewController.swift; sourceTree = "<group>"; };
/* End PBXFileReference section */

/* Begin PBXFrameworksBuildPhase section */
		281FECAF2289689300041C33 /* Frameworks */ = {
			isa = PBXFrameworksBuildPhase;
			buildActionMask = 2147483647;
			files = (
			);
			runOnlyForDeploymentPostprocessing = 0;
		};
		281FECC32289689600041C33 /* Frameworks */ = {
			isa = PBXFrameworksBuildPhase;
			buildActionMask = 2147483647;
			files = (
			);
			runOnlyForDeploymentPostprocessing = 0;
		};
/* End PBXFrameworksBuildPhase section */

/* Begin PBXGroup section */
		281FECA92289689300041C33 = {
			isa = PBXGroup;
			children = (
				281FECB42289689300041C33 /* TabBarIntoSplitViewSample */,
				281FECC92289689600041C33 /* TabBarIntoSplitViewSampleTests */,
				281FECB32289689300041C33 /* Products */,
			);
			sourceTree = "<group>";
		};
		281FECB32289689300041C33 /* Products */ = {
			isa = PBXGroup;
			children = (
				281FECB22289689300041C33 /* TabBarIntoSplitViewSample.app */,
				281FECC62289689600041C33 /* TabBarIntoSplitViewSampleTests.xctest */,
			);
			name = Products;
			sourceTree = "<group>";
		};
		281FECB42289689300041C33 /* TabBarIntoSplitViewSample */ = {
			isa = PBXGroup;
			children = (
				281FECB52289689300041C33 /* AppDelegate.swift */,
				281FECD5228968D100041C33 /* ApplicationTabBarController.swift */,
				281FECD7228968E100041C33 /* RootSplitViewController.swift */,
				281FECE32289704200041C33 /* MasterNavigationCoodinator.swift */,
				281FECE52289705D00041C33 /* DetailNavigationCoodinator.swift */,
				281FECE1228969B400041C33 /* ApplicationCoodinator.swift */,
				281FECE72289724300041C33 /* FirstListViewController.swift */,
				281FECEF228A85FF00041C33 /* SecondListViewController.swift */,
				281FECE92289725200041C33 /* ContentViewController.swift */,
				281FECF1228A8A0900041C33 /* NestedViewController.swift */,
				281FECEB228A4A4300041C33 /* FirstViewModel.swift */,
				281FECED228A4A5700041C33 /* SecondViewModel.swift */,
				281FECBC2289689600041C33 /* Assets.xcassets */,
				281FECBE2289689600041C33 /* LaunchScreen.storyboard */,
				281FECC12289689600041C33 /* Info.plist */,
			);
			path = TabBarIntoSplitViewSample;
			sourceTree = "<group>";
		};
		281FECC92289689600041C33 /* TabBarIntoSplitViewSampleTests */ = {
			isa = PBXGroup;
			children = (
				281FECCA2289689600041C33 /* TabBarIntoSplitViewSampleTests.swift */,
				281FECCC2289689600041C33 /* Info.plist */,
			);
			path = TabBarIntoSplitViewSampleTests;
			sourceTree = "<group>";
		};
/* End PBXGroup section */

/* Begin PBXNativeTarget section */
		281FECB12289689300041C33 /* TabBarIntoSplitViewSample */ = {
			isa = PBXNativeTarget;
			buildConfigurationList = 281FECCF2289689600041C33 /* Build configuration list for PBXNativeTarget "TabBarIntoSplitViewSample" */;
			buildPhases = (
				281FECAE2289689300041C33 /* Sources */,
				281FECAF2289689300041C33 /* Frameworks */,
				281FECB02289689300041C33 /* Resources */,
			);
			buildRules = (
			);
			dependencies = (
			);
			name = TabBarIntoSplitViewSample;
			productName = TabBarIntoSplitViewSample;
			productReference = 281FECB22289689300041C33 /* TabBarIntoSplitViewSample.app */;
			productType = "com.apple.product-type.application";
		};
		281FECC52289689600041C33 /* TabBarIntoSplitViewSampleTests */ = {
			isa = PBXNativeTarget;
			buildConfigurationList = 281FECD22289689600041C33 /* Build configuration list for PBXNativeTarget "TabBarIntoSplitViewSampleTests" */;
			buildPhases = (
				281FECC22289689600041C33 /* Sources */,
				281FECC32289689600041C33 /* Frameworks */,
				281FECC42289689600041C33 /* Resources */,
			);
			buildRules = (
			);
			dependencies = (
				281FECC82289689600041C33 /* PBXTargetDependency */,
			);
			name = TabBarIntoSplitViewSampleTests;
			productName = TabBarIntoSplitViewSampleTests;
			productReference = 281FECC62289689600041C33 /* TabBarIntoSplitViewSampleTests.xctest */;
			productType = "com.apple.product-type.bundle.unit-test";
		};
/* End PBXNativeTarget section */

/* Begin PBXProject section */
		281FECAA2289689300041C33 /* Project object */ = {
			isa = PBXProject;
			attributes = {
				LastSwiftUpdateCheck = 1020;
				LastUpgradeCheck = 1020;
				ORGANIZATIONNAME = "Shuhei Yukawa";
				TargetAttributes = {
					281FECB12289689300041C33 = {
						CreatedOnToolsVersion = 10.2.1;
					};
					281FECC52289689600041C33 = {
						CreatedOnToolsVersion = 10.2.1;
						TestTargetID = 281FECB12289689300041C33;
					};
				};
			};
			buildConfigurationList = 281FECAD2289689300041C33 /* Build configuration list for PBXProject "TabBarIntoSplitViewSample" */;
			compatibilityVersion = "Xcode 9.3";
			developmentRegion = en;
			hasScannedForEncodings = 0;
			knownRegions = (
				en,
				Base,
			);
			mainGroup = 281FECA92289689300041C33;
			productRefGroup = 281FECB32289689300041C33 /* Products */;
			projectDirPath = "";
			projectRoot = "";
			targets = (
				281FECB12289689300041C33 /* TabBarIntoSplitViewSample */,
				281FECC52289689600041C33 /* TabBarIntoSplitViewSampleTests */,
			);
		};
/* End PBXProject section */

/* Begin PBXResourcesBuildPhase section */
		281FECB02289689300041C33 /* Resources */ = {
			isa = PBXResourcesBuildPhase;
			buildActionMask = 2147483647;
			files = (
				281FECC02289689600041C33 /* LaunchScreen.storyboard in Resources */,
				281FECBD2289689600041C33 /* Assets.xcassets in Resources */,
			);
			runOnlyForDeploymentPostprocessing = 0;
		};
		281FECC42289689600041C33 /* Resources */ = {
			isa = PBXResourcesBuildPhase;
			buildActionMask = 2147483647;
			files = (
			);
			runOnlyForDeploymentPostprocessing = 0;
		};
/* End PBXResourcesBuildPhase section */

/* Begin PBXSourcesBuildPhase section */
		281FECAE2289689300041C33 /* Sources */ = {
			isa = PBXSourcesBuildPhase;
			buildActionMask = 2147483647;
			files = (
				281FECEC228A4A4300041C33 /* FirstViewModel.swift in Sources */,
				281FECD6228968D100041C33 /* ApplicationTabBarController.swift in Sources */,
				281FECE82289724300041C33 /* FirstListViewController.swift in Sources */,
				281FECB62289689300041C33 /* AppDelegate.swift in Sources */,
				281FECEA2289725200041C33 /* ContentViewController.swift in Sources */,
				281FECD8228968E100041C33 /* RootSplitViewController.swift in Sources */,
				281FECEE228A4A5700041C33 /* SecondViewModel.swift in Sources */,
				281FECF2228A8A0900041C33 /* NestedViewController.swift in Sources */,
				281FECE42289704200041C33 /* MasterNavigationCoodinator.swift in Sources */,
				281FECE2228969B400041C33 /* ApplicationCoodinator.swift in Sources */,
				281FECE62289705D00041C33 /* DetailNavigationCoodinator.swift in Sources */,
				281FECF0228A85FF00041C33 /* SecondListViewController.swift in Sources */,
			);
			runOnlyForDeploymentPostprocessing = 0;
		};
		281FECC22289689600041C33 /* Sources */ = {
			isa = PBXSourcesBuildPhase;
			buildActionMask = 2147483647;
			files = (
				281FECCB2289689600041C33 /* TabBarIntoSplitViewSampleTests.swift in Sources */,
			);
			runOnlyForDeploymentPostprocessing = 0;
		};
/* End PBXSourcesBuildPhase section */

/* Begin PBXTargetDependency section */
		281FECC82289689600041C33 /* PBXTargetDependency */ = {
			isa = PBXTargetDependency;
			target = 281FECB12289689300041C33 /* TabBarIntoSplitViewSample */;
			targetProxy = 281FECC72289689600041C33 /* PBXContainerItemProxy */;
		};
/* End PBXTargetDependency section */

/* Begin PBXVariantGroup section */
		281FECBE2289689600041C33 /* LaunchScreen.storyboard */ = {
			isa = PBXVariantGroup;
			children = (
				281FECBF2289689600041C33 /* Base */,
			);
			name = LaunchScreen.storyboard;
			sourceTree = "<group>";
		};
/* End PBXVariantGroup section */

/* Begin XCBuildConfiguration section */
		281FECCD2289689600041C33 /* Debug */ = {
			isa = XCBuildConfiguration;
			buildSettings = {
				ALWAYS_SEARCH_USER_PATHS = NO;
				CLANG_ANALYZER_NONNULL = YES;
				CLANG_ANALYZER_NUMBER_OBJECT_CONVERSION = YES_AGGRESSIVE;
				CLANG_CXX_LANGUAGE_STANDARD = "gnu++14";
				CLANG_CXX_LIBRARY = "libc++";
				CLANG_ENABLE_MODULES = YES;
				CLANG_ENABLE_OBJC_ARC = YES;
				CLANG_ENABLE_OBJC_WEAK = YES;
				CLANG_WARN_BLOCK_CAPTURE_AUTORELEASING = YES;
				CLANG_WARN_BOOL_CONVERSION = YES;
				CLANG_WARN_COMMA = YES;
				CLANG_WARN_CONSTANT_CONVERSION = YES;
				CLANG_WARN_DEPRECATED_OBJC_IMPLEMENTATIONS = YES;
				CLANG_WARN_DIRECT_OBJC_ISA_USAGE = YES_ERROR;
				CLANG_WARN_DOCUMENTATION_COMMENTS = YES;
				CLANG_WARN_EMPTY_BODY = YES;
				CLANG_WARN_ENUM_CONVERSION = YES;
				CLANG_WARN_INFINITE_RECURSION = YES;
				CLANG_WARN_INT_CONVERSION = YES;
				CLANG_WARN_NON_LITERAL_NULL_CONVERSION = YES;
				CLANG_WARN_OBJC_IMPLICIT_RETAIN_SELF = YES;
				CLANG_WARN_OBJC_LITERAL_CONVERSION = YES;
				CLANG_WARN_OBJC_ROOT_CLASS = YES_ERROR;
				CLANG_WARN_RANGE_LOOP_ANALYSIS = YES;
				CLANG_WARN_STRICT_PROTOTYPES = YES;
				CLANG_WARN_SUSPICIOUS_MOVE = YES;
				CLANG_WARN_UNGUARDED_AVAILABILITY = YES_AGGRESSIVE;
				CLANG_WARN_UNREACHABLE_CODE = YES;
				CLANG_WARN__DUPLICATE_METHOD_MATCH = YES;
				CODE_SIGN_IDENTITY = "iPhone Developer";
				COPY_PHASE_STRIP = NO;
				DEBUG_INFORMATION_FORMAT = dwarf;
				ENABLE_STRICT_OBJC_MSGSEND = YES;
				ENABLE_TESTABILITY = YES;
				GCC_C_LANGUAGE_STANDARD = gnu11;
				GCC_DYNAMIC_NO_PIC = NO;
				GCC_NO_COMMON_BLOCKS = YES;
				GCC_OPTIMIZATION_LEVEL = 0;
				GCC_PREPROCESSOR_DEFINITIONS = (
					"DEBUG=1",
					"$(inherited)",
				);
				GCC_WARN_64_TO_32_BIT_CONVERSION = YES;
				GCC_WARN_ABOUT_RETURN_TYPE = YES_ERROR;
				GCC_WARN_UNDECLARED_SELECTOR = YES;
				GCC_WARN_UNINITIALIZED_AUTOS = YES_AGGRESSIVE;
				GCC_WARN_UNUSED_FUNCTION = YES;
				GCC_WARN_UNUSED_VARIABLE = YES;
				IPHONEOS_DEPLOYMENT_TARGET = 12.2;
				MTL_ENABLE_DEBUG_INFO = INCLUDE_SOURCE;
				MTL_FAST_MATH = YES;
				ONLY_ACTIVE_ARCH = YES;
				SDKROOT = iphoneos;
				SWIFT_ACTIVE_COMPILATION_CONDITIONS = DEBUG;
				SWIFT_OPTIMIZATION_LEVEL = "-Onone";
			};
			name = Debug;
		};
		281FECCE2289689600041C33 /* Release */ = {
			isa = XCBuildConfiguration;
			buildSettings = {
				ALWAYS_SEARCH_USER_PATHS = NO;
				CLANG_ANALYZER_NONNULL = YES;
				CLANG_ANALYZER_NUMBER_OBJECT_CONVERSION = YES_AGGRESSIVE;
				CLANG_CXX_LANGUAGE_STANDARD = "gnu++14";
				CLANG_CXX_LIBRARY = "libc++";
				CLANG_ENABLE_MODULES = YES;
				CLANG_ENABLE_OBJC_ARC = YES;
				CLANG_ENABLE_OBJC_WEAK = YES;
				CLANG_WARN_BLOCK_CAPTURE_AUTORELEASING = YES;
				CLANG_WARN_BOOL_CONVERSION = YES;
				CLANG_WARN_COMMA = YES;
				CLANG_WARN_CONSTANT_CONVERSION = YES;
				CLANG_WARN_DEPRECATED_OBJC_IMPLEMENTATIONS = YES;
				CLANG_WARN_DIRECT_OBJC_ISA_USAGE = YES_ERROR;
				CLANG_WARN_DOCUMENTATION_COMMENTS = YES;
				CLANG_WARN_EMPTY_BODY = YES;
				CLANG_WARN_ENUM_CONVERSION = YES;
				CLANG_WARN_INFINITE_RECURSION = YES;
				CLANG_WARN_INT_CONVERSION = YES;
				CLANG_WARN_NON_LITERAL_NULL_CONVERSION = YES;
				CLANG_WARN_OBJC_IMPLICIT_RETAIN_SELF = YES;
				CLANG_WARN_OBJC_LITERAL_CONVERSION = YES;
				CLANG_WARN_OBJC_ROOT_CLASS = YES_ERROR;
				CLANG_WARN_RANGE_LOOP_ANALYSIS = YES;
				CLANG_WARN_STRICT_PROTOTYPES = YES;
				CLANG_WARN_SUSPICIOUS_MOVE = YES;
				CLANG_WARN_UNGUARDED_AVAILABILITY = YES_AGGRESSIVE;
				CLANG_WARN_UNREACHABLE_CODE = YES;
				CLANG_WARN__DUPLICATE_METHOD_MATCH = YES;
				CODE_SIGN_IDENTITY = "iPhone Developer";
				COPY_PHASE_STRIP = NO;
				DEBUG_INFORMATION_FORMAT = "dwarf-with-dsym";
				ENABLE_NS_ASSERTIONS = NO;
				ENABLE_STRICT_OBJC_MSGSEND = YES;
				GCC_C_LANGUAGE_STANDARD = gnu11;
				GCC_NO_COMMON_BLOCKS = YES;
				GCC_WARN_64_TO_32_BIT_CONVERSION = YES;
				GCC_WARN_ABOUT_RETURN_TYPE = YES_ERROR;
				GCC_WARN_UNDECLARED_SELECTOR = YES;
				GCC_WARN_UNINITIALIZED_AUTOS = YES_AGGRESSIVE;
				GCC_WARN_UNUSED_FUNCTION = YES;
				GCC_WARN_UNUSED_VARIABLE = YES;
				IPHONEOS_DEPLOYMENT_TARGET = 12.2;
				MTL_ENABLE_DEBUG_INFO = NO;
				MTL_FAST_MATH = YES;
				SDKROOT = iphoneos;
				SWIFT_COMPILATION_MODE = wholemodule;
				SWIFT_OPTIMIZATION_LEVEL = "-O";
				VALIDATE_PRODUCT = YES;
			};
			name = Release;
		};
		281FECD02289689600041C33 /* Debug */ = {
			isa = XCBuildConfiguration;
			buildSettings = {
				ASSETCATALOG_COMPILER_APPICON_NAME = AppIcon;
				CODE_SIGN_STYLE = Automatic;
				DEVELOPMENT_TEAM = NBLDA4FP49;
				INFOPLIST_FILE = TabBarIntoSplitViewSample/Info.plist;
				LD_RUNPATH_SEARCH_PATHS = (
					"$(inherited)",
					"@executable_path/Frameworks",
				);
				PRODUCT_BUNDLE_IDENTIFIER = com.lisb.TabBarIntoSplitViewSample;
				PRODUCT_NAME = "$(TARGET_NAME)";
				SWIFT_VERSION = 5.0;
				TARGETED_DEVICE_FAMILY = "1,2";
			};
			name = Debug;
		};
		281FECD12289689600041C33 /* Release */ = {
			isa = XCBuildConfiguration;
			buildSettings = {
				ASSETCATALOG_COMPILER_APPICON_NAME = AppIcon;
				CODE_SIGN_STYLE = Automatic;
				DEVELOPMENT_TEAM = NBLDA4FP49;
				INFOPLIST_FILE = TabBarIntoSplitViewSample/Info.plist;
				LD_RUNPATH_SEARCH_PATHS = (
					"$(inherited)",
					"@executable_path/Frameworks",
				);
				PRODUCT_BUNDLE_IDENTIFIER = com.lisb.TabBarIntoSplitViewSample;
				PRODUCT_NAME = "$(TARGET_NAME)";
				SWIFT_VERSION = 5.0;
				TARGETED_DEVICE_FAMILY = "1,2";
			};
			name = Release;
		};
		281FECD32289689600041C33 /* Debug */ = {
			isa = XCBuildConfiguration;
			buildSettings = {
				ALWAYS_EMBED_SWIFT_STANDARD_LIBRARIES = YES;
				BUNDLE_LOADER = "$(TEST_HOST)";
				CODE_SIGN_STYLE = Automatic;
				DEVELOPMENT_TEAM = NBLDA4FP49;
				INFOPLIST_FILE = TabBarIntoSplitViewSampleTests/Info.plist;
				LD_RUNPATH_SEARCH_PATHS = (
					"$(inherited)",
					"@executable_path/Frameworks",
					"@loader_path/Frameworks",
				);
				PRODUCT_BUNDLE_IDENTIFIER = com.lisb.TabBarIntoSplitViewSampleTests;
				PRODUCT_NAME = "$(TARGET_NAME)";
				SWIFT_VERSION = 5.0;
				TARGETED_DEVICE_FAMILY = "1,2";
				TEST_HOST = "$(BUILT_PRODUCTS_DIR)/TabBarIntoSplitViewSample.app/TabBarIntoSplitViewSample";
			};
			name = Debug;
		};
		281FECD42289689600041C33 /* Release */ = {
			isa = XCBuildConfiguration;
			buildSettings = {
				ALWAYS_EMBED_SWIFT_STANDARD_LIBRARIES = YES;
				BUNDLE_LOADER = "$(TEST_HOST)";
				CODE_SIGN_STYLE = Automatic;
				DEVELOPMENT_TEAM = NBLDA4FP49;
				INFOPLIST_FILE = TabBarIntoSplitViewSampleTests/Info.plist;
				LD_RUNPATH_SEARCH_PATHS = (
					"$(inherited)",
					"@executable_path/Frameworks",
					"@loader_path/Frameworks",
				);
				PRODUCT_BUNDLE_IDENTIFIER = com.lisb.TabBarIntoSplitViewSampleTests;
				PRODUCT_NAME = "$(TARGET_NAME)";
				SWIFT_VERSION = 5.0;
				TARGETED_DEVICE_FAMILY = "1,2";
				TEST_HOST = "$(BUILT_PRODUCTS_DIR)/TabBarIntoSplitViewSample.app/TabBarIntoSplitViewSample";
			};
			name = Release;
		};
/* End XCBuildConfiguration section */

/* Begin XCConfigurationList section */
		281FECAD2289689300041C33 /* Build configuration list for PBXProject "TabBarIntoSplitViewSample" */ = {
			isa = XCConfigurationList;
			buildConfigurations = (
				281FECCD2289689600041C33 /* Debug */,
				281FECCE2289689600041C33 /* Release */,
			);
			defaultConfigurationIsVisible = 0;
			defaultConfigurationName = Release;
		};
		281FECCF2289689600041C33 /* Build configuration list for PBXNativeTarget "TabBarIntoSplitViewSample" */ = {
			isa = XCConfigurationList;
			buildConfigurations = (
				281FECD02289689600041C33 /* Debug */,
				281FECD12289689600041C33 /* Release */,
			);
			defaultConfigurationIsVisible = 0;
			defaultConfigurationName = Release;
		};
		281FECD22289689600041C33 /* Build configuration list for PBXNativeTarget "TabBarIntoSplitViewSampleTests" */ = {
			isa = XCConfigurationList;
			buildConfigurations = (
				281FECD32289689600041C33 /* Debug */,
				281FECD42289689600041C33 /* Release */,
			);
			defaultConfigurationIsVisible = 0;
			defaultConfigurationName = Release;
		};
/* End XCConfigurationList section */
	};
	rootObject = 281FECAA2289689300041C33 /* Project object */;
}
